{
  "nodes": {
    "flake-utils": {
      "locked": {
        "lastModified": 1659877975,
        "narHash": "sha256-zllb8aq3YO3h8B/U0/J1WBgAL8EX5yWf5pMj3G0NAmc=",
        "owner": "numtide",
        "repo": "flake-utils",
        "rev": "c0e246b9b83f637f4681389ecabcb2681b4f3af0",
        "type": "github"
      },
      "original": {
        "owner": "numtide",
        "repo": "flake-utils",
        "type": "github"
      }
    },
    "flaky-utils": {
      "locked": {
        "lastModified": 1668472805,
        "narHash": "sha256-hjRe8QFh2JMo9u6AaxQNGWfDWZxk3psULmPglqsjsLk=",
        "ref": "master",
        "rev": "c3f9daf4ec56276e040bc33e29c7eeaf1b99d91c",
        "revCount": 33,
        "type": "git",
        "url": "https://cgit.pacien.net/libs/flaky-utils"
      },
      "original": {
        "type": "git",
        "url": "https://cgit.pacien.net/libs/flaky-utils"
      }
    },
    "nixpkgs": {
      "locked": {
        "lastModified": 1669853768,
        "narHash": "sha256-hIrUOoQ1/Da5kFKRfubQK9jK/DfJK3mkjiS8/ptuX6g=",
        "owner": "NixOS",
        "repo": "nixpkgs",
        "rev": "445f2646b373100600f3463f28bc7656e0e82384",
        "type": "github"
      },
      "original": {
        "owner": "NixOS",
        "ref": "445f264",
        "repo": "nixpkgs",
        "type": "github"
      }
    },
    "root": {
      "inputs": {
        "flake-utils": "flake-utils",
        "flaky-utils": "flaky-utils",
        "nixpkgs": "nixpkgs"
      }
    }
  },
  "root": "root",
  "version": 7
}
